// !$*UTF8*$!
{
	archiveVersion = 1;
	classes = {
	};
	objectVersion = 46;
	objects = {

/* Begin PBXBuildFile section */
		A556D1A01A76EAB000E38E9F /* AFHTTPRequestOperation.m in Sources */ = {isa = PBXBuildFile; fileRef = A556D17C1A76EAB000E38E9F /* AFHTTPRequestOperation.m */; };
		A556D1A11A76EAB000E38E9F /* AFHTTPRequestOperationManager.m in Sources */ = {isa = PBXBuildFile; fileRef = A556D17E1A76EAB000E38E9F /* AFHTTPRequestOperationManager.m */; };
		A556D1A21A76EAB000E38E9F /* AFHTTPSessionManager.m in Sources */ = {isa = PBXBuildFile; fileRef = A556D1801A76EAB000E38E9F /* AFHTTPSessionManager.m */; };
		A556D1A31A76EAB000E38E9F /* AFNetworkReachabilityManager.m in Sources */ = {isa = PBXBuildFile; fileRef = A556D1831A76EAB000E38E9F /* AFNetworkReachabilityManager.m */; };
		A556D1A41A76EAB000E38E9F /* AFSecurityPolicy.m in Sources */ = {isa = PBXBuildFile; fileRef = A556D1851A76EAB000E38E9F /* AFSecurityPolicy.m */; };
		A556D1A51A76EAB000E38E9F /* AFURLConnectionOperation.m in Sources */ = {isa = PBXBuildFile; fileRef = A556D1871A76EAB000E38E9F /* AFURLConnectionOperation.m */; };
		A556D1A61A76EAB000E38E9F /* AFURLRequestSerialization.m in Sources */ = {isa = PBXBuildFile; fileRef = A556D1891A76EAB000E38E9F /* AFURLRequestSerialization.m */; };
		A556D1A71A76EAB000E38E9F /* AFURLResponseSerialization.m in Sources */ = {isa = PBXBuildFile; fileRef = A556D18B1A76EAB000E38E9F /* AFURLResponseSerialization.m */; };
		A556D1A81A76EAB000E38E9F /* AFURLSessionManager.m in Sources */ = {isa = PBXBuildFile; fileRef = A556D18D1A76EAB000E38E9F /* AFURLSessionManager.m */; };
		A556D1A91A76EAB000E38E9F /* AFNetworkActivityIndicatorManager.m in Sources */ = {isa = PBXBuildFile; fileRef = A556D1901A76EAB000E38E9F /* AFNetworkActivityIndicatorManager.m */; };
		A556D1AA1A76EAB000E38E9F /* UIActivityIndicatorView+AFNetworking.m in Sources */ = {isa = PBXBuildFile; fileRef = A556D1921A76EAB000E38E9F /* UIActivityIndicatorView+AFNetworking.m */; };
		A556D1AB1A76EAB000E38E9F /* UIAlertView+AFNetworking.m in Sources */ = {isa = PBXBuildFile; fileRef = A556D1941A76EAB000E38E9F /* UIAlertView+AFNetworking.m */; };
		A556D1AC1A76EAB000E38E9F /* UIButton+AFNetworking.m in Sources */ = {isa = PBXBuildFile; fileRef = A556D1961A76EAB000E38E9F /* UIButton+AFNetworking.m */; };
		A556D1AD1A76EAB000E38E9F /* UIImageView+AFNetworking.m in Sources */ = {isa = PBXBuildFile; fileRef = A556D1981A76EAB000E38E9F /* UIImageView+AFNetworking.m */; };
		A556D1AE1A76EAB000E38E9F /* UIProgressView+AFNetworking.m in Sources */ = {isa = PBXBuildFile; fileRef = A556D19B1A76EAB000E38E9F /* UIProgressView+AFNetworking.m */; };
		A556D1AF1A76EAB000E38E9F /* UIRefreshControl+AFNetworking.m in Sources */ = {isa = PBXBuildFile; fileRef = A556D19D1A76EAB000E38E9F /* UIRefreshControl+AFNetworking.m */; };
		A556D1B01A76EAB000E38E9F /* UIWebView+AFNetworking.m in Sources */ = {isa = PBXBuildFile; fileRef = A556D19F1A76EAB000E38E9F /* UIWebView+AFNetworking.m */; };
		A556D1B21A76EB1E00E38E9F /* libicucore.dylib in Frameworks */ = {isa = PBXBuildFile; fileRef = A556D1B11A76EB1E00E38E9F /* libicucore.dylib */; };
		A556D1B41A76EB2800E38E9F /* libxml2.dylib in Frameworks */ = {isa = PBXBuildFile; fileRef = A556D1B31A76EB2800E38E9F /* libxml2.dylib */; };
		A556D1B61A76EB3D00E38E9F /* Security.framework in Frameworks */ = {isa = PBXBuildFile; fileRef = A556D1B51A76EB3D00E38E9F /* Security.framework */; };
		A5955EB21A76E7FB001E4CDE /* main.m in Sources */ = {isa = PBXBuildFile; fileRef = A5955EB11A76E7FB001E4CDE /* main.m */; };
		A5955EB51A76E7FB001E4CDE /* AppDelegate.m in Sources */ = {isa = PBXBuildFile; fileRef = A5955EB41A76E7FB001E4CDE /* AppDelegate.m */; };
		A5955EB81A76E7FB001E4CDE /* ViewController.m in Sources */ = {isa = PBXBuildFile; fileRef = A5955EB71A76E7FB001E4CDE /* ViewController.m */; };
		A5955EBB1A76E7FB001E4CDE /* Main.storyboard in Resources */ = {isa = PBXBuildFile; fileRef = A5955EB91A76E7FB001E4CDE /* Main.storyboard */; };
		A5955EBD1A76E7FB001E4CDE /* Images.xcassets in Resources */ = {isa = PBXBuildFile; fileRef = A5955EBC1A76E7FB001E4CDE /* Images.xcassets */; };
		A5955EC01A76E7FB001E4CDE /* LaunchScreen.xib in Resources */ = {isa = PBXBuildFile; fileRef = A5955EBE1A76E7FB001E4CDE /* LaunchScreen.xib */; };
		A5955ECC1A76E7FB001E4CDE /* HLWeatherTests.m in Sources */ = {isa = PBXBuildFile; fileRef = A5955ECB1A76E7FB001E4CDE /* HLWeatherTests.m */; };
		A5F973E31A76E9A200D4161C /* CFNetwork.framework in Frameworks */ = {isa = PBXBuildFile; fileRef = A5F973D61A76E96700D4161C /* CFNetwork.framework */; };
		A5F973E41A76E9A200D4161C /* CoreFoundation.framework in Frameworks */ = {isa = PBXBuildFile; fileRef = A5F973D71A76E96700D4161C /* CoreFoundation.framework */; };
		A5F973E51A76E9A200D4161C /* ImageIO.framework in Frameworks */ = {isa = PBXBuildFile; fileRef = A5F973D81A76E96700D4161C /* ImageIO.framework */; };
		A5F973E61A76E9A200D4161C /* libz.dylib in Frameworks */ = {isa = PBXBuildFile; fileRef = A5F973D91A76E96700D4161C /* libz.dylib */; };
		A5F973E71A76E9A200D4161C /* MobileCoreServices.framework in Frameworks */ = {isa = PBXBuildFile; fileRef = A5F973DA1A76E96700D4161C /* MobileCoreServices.framework */; };
		A5F973E81A76E9A200D4161C /* UIKit.framework in Frameworks */ = {isa = PBXBuildFile; fileRef = A5F973DB1A76E96700D4161C /* UIKit.framework */; };
/* End PBXBuildFile section */

/* Begin PBXContainerItemProxy section */
		A5955EC61A76E7FB001E4CDE /* PBXContainerItemProxy */ = {
			isa = PBXContainerItemProxy;
			containerPortal = A5955EA41A76E7FA001E4CDE /* Project object */;
			proxyType = 1;
			remoteGlobalIDString = A5955EAB1A76E7FB001E4CDE;
			remoteInfo = HLWeather;
		};
/* End PBXContainerItemProxy section */

/* Begin PBXFileReference section */
		A556D17B1A76EAB000E38E9F /* AFHTTPRequestOperation.h */ = {isa = PBXFileReference; fileEncoding = 4; lastKnownFileType = sourcecode.c.h; path = AFHTTPRequestOperation.h; sourceTree = "<group>"; };
		A556D17C1A76EAB000E38E9F /* AFHTTPRequestOperation.m */ = {isa = PBXFileReference; fileEncoding = 4; lastKnownFileType = sourcecode.c.objc; path = AFHTTPRequestOperation.m; sourceTree = "<group>"; };
		A556D17D1A76EAB000E38E9F /* AFHTTPRequestOperationManager.h */ = {isa = PBXFileReference; fileEncoding = 4; lastKnownFileType = sourcecode.c.h; path = AFHTTPRequestOperationManager.h; sourceTree = "<group>"; };
		A556D17E1A76EAB000E38E9F /* AFHTTPRequestOperationManager.m */ = {isa = PBXFileReference; fileEncoding = 4; lastKnownFileType = sourcecode.c.objc; path = AFHTTPRequestOperationManager.m; sourceTree = "<group>"; };
		A556D17F1A76EAB000E38E9F /* AFHTTPSessionManager.h */ = {isa = PBXFileReference; fileEncoding = 4; lastKnownFileType = sourcecode.c.h; path = AFHTTPSessionManager.h; sourceTree = "<group>"; };
		A556D1801A76EAB000E38E9F /* AFHTTPSessionManager.m */ = {isa = PBXFileReference; fileEncoding = 4; lastKnownFileType = sourcecode.c.objc; path = AFHTTPSessionManager.m; sourceTree = "<group>"; };
		A556D1811A76EAB000E38E9F /* AFNetworking.h */ = {isa = PBXFileReference; fileEncoding = 4; lastKnownFileType = sourcecode.c.h; path = AFNetworking.h; sourceTree = "<group>"; };
		A556D1821A76EAB000E38E9F /* AFNetworkReachabilityManager.h */ = {isa = PBXFileReference; fileEncoding = 4; lastKnownFileType = sourcecode.c.h; path = AFNetworkReachabilityManager.h; sourceTree = "<group>"; };
		A556D1831A76EAB000E38E9F /* AFNetworkReachabilityManager.m */ = {isa = PBXFileReference; fileEncoding = 4; lastKnownFileType = sourcecode.c.objc; path = AFNetworkReachabilityManager.m; sourceTree = "<group>"; };
		A556D1841A76EAB000E38E9F /* AFSecurityPolicy.h */ = {isa = PBXFileReference; fileEncoding = 4; lastKnownFileType = sourcecode.c.h; path = AFSecurityPolicy.h; sourceTree = "<group>"; };
		A556D1851A76EAB000E38E9F /* AFSecurityPolicy.m */ = {isa = PBXFileReference; fileEncoding = 4; lastKnownFileType = sourcecode.c.objc; path = AFSecurityPolicy.m; sourceTree = "<group>"; };
		A556D1861A76EAB000E38E9F /* AFURLConnectionOperation.h */ = {isa = PBXFileReference; fileEncoding = 4; lastKnownFileType = sourcecode.c.h; path = AFURLConnectionOperation.h; sourceTree = "<group>"; };
		A556D1871A76EAB000E38E9F /* AFURLConnectionOperation.m */ = {isa = PBXFileReference; fileEncoding = 4; lastKnownFileType = sourcecode.c.objc; path = AFURLConnectionOperation.m; sourceTree = "<group>"; };
		A556D1881A76EAB000E38E9F /* AFURLRequestSerialization.h */ = {isa = PBXFileReference; fileEncoding = 4; lastKnownFileType = sourcecode.c.h; path = AFURLRequestSerialization.h; sourceTree = "<group>"; };
		A556D1891A76EAB000E38E9F /* AFURLRequestSerialization.m */ = {isa = PBXFileReference; fileEncoding = 4; lastKnownFileType = sourcecode.c.objc; path = AFURLRequestSerialization.m; sourceTree = "<group>"; };
		A556D18A1A76EAB000E38E9F /* AFURLResponseSerialization.h */ = {isa = PBXFileReference; fileEncoding = 4; lastKnownFileType = sourcecode.c.h; path = AFURLResponseSerialization.h; sourceTree = "<group>"; };
		A556D18B1A76EAB000E38E9F /* AFURLResponseSerialization.m */ = {isa = PBXFileReference; fileEncoding = 4; lastKnownFileType = sourcecode.c.objc; path = AFURLResponseSerialization.m; sourceTree = "<group>"; };
		A556D18C1A76EAB000E38E9F /* AFURLSessionManager.h */ = {isa = PBXFileReference; fileEncoding = 4; lastKnownFileType = sourcecode.c.h; path = AFURLSessionManager.h; sourceTree = "<group>"; };
		A556D18D1A76EAB000E38E9F /* AFURLSessionManager.m */ = {isa = PBXFileReference; fileEncoding = 4; lastKnownFileType = sourcecode.c.objc; path = AFURLSessionManager.m; sourceTree = "<group>"; };
		A556D18F1A76EAB000E38E9F /* AFNetworkActivityIndicatorManager.h */ = {isa = PBXFileReference; fileEncoding = 4; lastKnownFileType = sourcecode.c.h; path = AFNetworkActivityIndicatorManager.h; sourceTree = "<group>"; };
		A556D1901A76EAB000E38E9F /* AFNetworkActivityIndicatorManager.m */ = {isa = PBXFileReference; fileEncoding = 4; lastKnownFileType = sourcecode.c.objc; path = AFNetworkActivityIndicatorManager.m; sourceTree = "<group>"; };
		A556D1911A76EAB000E38E9F /* UIActivityIndicatorView+AFNetworking.h */ = {isa = PBXFileReference; fileEncoding = 4; lastKnownFileType = sourcecode.c.h; path = "UIActivityIndicatorView+AFNetworking.h"; sourceTree = "<group>"; };
		A556D1921A76EAB000E38E9F /* UIActivityIndicatorView+AFNetworking.m */ = {isa = PBXFileReference; fileEncoding = 4; lastKnownFileType = sourcecode.c.objc; path = "UIActivityIndicatorView+AFNetworking.m"; sourceTree = "<group>"; };
		A556D1931A76EAB000E38E9F /* UIAlertView+AFNetworking.h */ = {isa = PBXFileReference; fileEncoding = 4; lastKnownFileType = sourcecode.c.h; path = "UIAlertView+AFNetworking.h"; sourceTree = "<group>"; };
		A556D1941A76EAB000E38E9F /* UIAlertView+AFNetworking.m */ = {isa = PBXFileReference; fileEncoding = 4; lastKnownFileType = sourcecode.c.objc; path = "UIAlertView+AFNetworking.m"; sourceTree = "<group>"; };
		A556D1951A76EAB000E38E9F /* UIButton+AFNetworking.h */ = {isa = PBXFileReference; fileEncoding = 4; lastKnownFileType = sourcecode.c.h; path = "UIButton+AFNetworking.h"; sourceTree = "<group>"; };
		A556D1961A76EAB000E38E9F /* UIButton+AFNetworking.m */ = {isa = PBXFileReference; fileEncoding = 4; lastKnownFileType = sourcecode.c.objc; path = "UIButton+AFNetworking.m"; sourceTree = "<group>"; };
		A556D1971A76EAB000E38E9F /* UIImageView+AFNetworking.h */ = {isa = PBXFileReference; fileEncoding = 4; lastKnownFileType = sourcecode.c.h; path = "UIImageView+AFNetworking.h"; sourceTree = "<group>"; };
		A556D1981A76EAB000E38E9F /* UIImageView+AFNetworking.m */ = {isa = PBXFileReference; fileEncoding = 4; lastKnownFileType = sourcecode.c.objc; path = "UIImageView+AFNetworking.m"; sourceTree = "<group>"; };
		A556D1991A76EAB000E38E9F /* UIKit+AFNetworking.h */ = {isa = PBXFileReference; fileEncoding = 4; lastKnownFileType = sourcecode.c.h; path = "UIKit+AFNetworking.h"; sourceTree = "<group>"; };
		A556D19A1A76EAB000E38E9F /* UIProgressView+AFNetworking.h */ = {isa = PBXFileReference; fileEncoding = 4; lastKnownFileType = sourcecode.c.h; path = "UIProgressView+AFNetworking.h"; sourceTree = "<group>"; };
		A556D19B1A76EAB000E38E9F /* UIProgressView+AFNetworking.m */ = {isa = PBXFileReference; fileEncoding = 4; lastKnownFileType = sourcecode.c.objc; path = "UIProgressView+AFNetworking.m"; sourceTree = "<group>"; };
		A556D19C1A76EAB000E38E9F /* UIRefreshControl+AFNetworking.h */ = {isa = PBXFileReference; fileEncoding = 4; lastKnownFileType = sourcecode.c.h; path = "UIRefreshControl+AFNetworking.h"; sourceTree = "<group>"; };
		A556D19D1A76EAB000E38E9F /* UIRefreshControl+AFNetworking.m */ = {isa = PBXFileReference; fileEncoding = 4; lastKnownFileType = sourcecode.c.objc; path = "UIRefreshControl+AFNetworking.m"; sourceTree = "<group>"; };
		A556D19E1A76EAB000E38E9F /* UIWebView+AFNetworking.h */ = {isa = PBXFileReference; fileEncoding = 4; lastKnownFileType = sourcecode.c.h; path = "UIWebView+AFNetworking.h"; sourceTree = "<group>"; };
		A556D19F1A76EAB000E38E9F /* UIWebView+AFNetworking.m */ = {isa = PBXFileReference; fileEncoding = 4; lastKnownFileType = sourcecode.c.objc; path = "UIWebView+AFNetworking.m"; sourceTree = "<group>"; };
		A556D1B11A76EB1E00E38E9F /* libicucore.dylib */ = {isa = PBXFileReference; lastKnownFileType = "compiled.mach-o.dylib"; name = libicucore.dylib; path = usr/lib/libicucore.dylib; sourceTree = SDKROOT; };
		A556D1B31A76EB2800E38E9F /* libxml2.dylib */ = {isa = PBXFileReference; lastKnownFileType = "compiled.mach-o.dylib"; name = libxml2.dylib; path = usr/lib/libxml2.dylib; sourceTree = SDKROOT; };
		A556D1B51A76EB3D00E38E9F /* Security.framework */ = {isa = PBXFileReference; lastKnownFileType = wrapper.framework; name = Security.framework; path = System/Library/Frameworks/Security.framework; sourceTree = SDKROOT; };
		A5955EAC1A76E7FB001E4CDE /* HLWeather.app */ = {isa = PBXFileReference; explicitFileType = wrapper.application; includeInIndex = 0; path = HLWeather.app; sourceTree = BUILT_PRODUCTS_DIR; };
		A5955EB01A76E7FB001E4CDE /* Info.plist */ = {isa = PBXFileReference; lastKnownFileType = text.plist.xml; path = Info.plist; sourceTree = "<group>"; };
		A5955EB11A76E7FB001E4CDE /* main.m */ = {isa = PBXFileReference; lastKnownFileType = sourcecode.c.objc; path = main.m; sourceTree = "<group>"; };
		A5955EB31A76E7FB001E4CDE /* AppDelegate.h */ = {isa = PBXFileReference; lastKnownFileType = sourcecode.c.h; path = AppDelegate.h; sourceTree = "<group>"; };
		A5955EB41A76E7FB001E4CDE /* AppDelegate.m */ = {isa = PBXFileReference; lastKnownFileType = sourcecode.c.objc; path = AppDelegate.m; sourceTree = "<group>"; };
		A5955EB61A76E7FB001E4CDE /* ViewController.h */ = {isa = PBXFileReference; lastKnownFileType = sourcecode.c.h; path = ViewController.h; sourceTree = "<group>"; };
		A5955EB71A76E7FB001E4CDE /* ViewController.m */ = {isa = PBXFileReference; lastKnownFileType = sourcecode.c.objc; path = ViewController.m; sourceTree = "<group>"; };
		A5955EBA1A76E7FB001E4CDE /* Base */ = {isa = PBXFileReference; lastKnownFileType = file.storyboard; name = Base; path = Base.lproj/Main.storyboard; sourceTree = "<group>"; };
		A5955EBC1A76E7FB001E4CDE /* Images.xcassets */ = {isa = PBXFileReference; lastKnownFileType = folder.assetcatalog; path = Images.xcassets; sourceTree = "<group>"; };
		A5955EBF1A76E7FB001E4CDE /* Base */ = {isa = PBXFileReference; lastKnownFileType = file.xib; name = Base; path = Base.lproj/LaunchScreen.xib; sourceTree = "<group>"; };
		A5955EC51A76E7FB001E4CDE /* HLWeatherTests.xctest */ = {isa = PBXFileReference; explicitFileType = wrapper.cfbundle; includeInIndex = 0; path = HLWeatherTests.xctest; sourceTree = BUILT_PRODUCTS_DIR; };
		A5955ECA1A76E7FB001E4CDE /* Info.plist */ = {isa = PBXFileReference; lastKnownFileType = text.plist.xml; path = Info.plist; sourceTree = "<group>"; };
		A5955ECB1A76E7FB001E4CDE /* HLWeatherTests.m */ = {isa = PBXFileReference; lastKnownFileType = sourcecode.c.objc; path = HLWeatherTests.m; sourceTree = "<group>"; };
		A5F973D61A76E96700D4161C /* CFNetwork.framework */ = {isa = PBXFileReference; lastKnownFileType = wrapper.framework; name = CFNetwork.framework; path = System/Library/Frameworks/CFNetwork.framework; sourceTree = SDKROOT; };
		A5F973D71A76E96700D4161C /* CoreFoundation.framework */ = {isa = PBXFileReference; lastKnownFileType = wrapper.framework; name = CoreFoundation.framework; path = System/Library/Frameworks/CoreFoundation.framework; sourceTree = SDKROOT; };
		A5F973D81A76E96700D4161C /* ImageIO.framework */ = {isa = PBXFileReference; lastKnownFileType = wrapper.framework; name = ImageIO.framework; path = System/Library/Frameworks/ImageIO.framework; sourceTree = SDKROOT; };
		A5F973D91A76E96700D4161C /* libz.dylib */ = {isa = PBXFileReference; lastKnownFileType = "compiled.mach-o.dylib"; name = libz.dylib; path = usr/lib/libz.dylib; sourceTree = SDKROOT; };
		A5F973DA1A76E96700D4161C /* MobileCoreServices.framework */ = {isa = PBXFileReference; lastKnownFileType = wrapper.framework; name = MobileCoreServices.framework; path = System/Library/Frameworks/MobileCoreServices.framework; sourceTree = SDKROOT; };
		A5F973DB1A76E96700D4161C /* UIKit.framework */ = {isa = PBXFileReference; lastKnownFileType = wrapper.framework; name = UIKit.framework; path = System/Library/Frameworks/UIKit.framework; sourceTree = SDKROOT; };
/* End PBXFileReference section */

/* Begin PBXFrameworksBuildPhase section */
		A5955EA91A76E7FB001E4CDE /* Frameworks */ = {
			isa = PBXFrameworksBuildPhase;
			buildActionMask = 2147483647;
			files = (
				A556D1B61A76EB3D00E38E9F /* Security.framework in Frameworks */,
				A556D1B41A76EB2800E38E9F /* libxml2.dylib in Frameworks */,
				A556D1B21A76EB1E00E38E9F /* libicucore.dylib in Frameworks */,
				A5F973E61A76E9A200D4161C /* libz.dylib in Frameworks */,
				A5F973E31A76E9A200D4161C /* CFNetwork.framework in Frameworks */,
				A5F973E41A76E9A200D4161C /* CoreFoundation.framework in Frameworks */,
				A5F973E51A76E9A200D4161C /* ImageIO.framework in Frameworks */,
				A5F973E71A76E9A200D4161C /* MobileCoreServices.framework in Frameworks */,
				A5F973E81A76E9A200D4161C /* UIKit.framework in Frameworks */,
			);
			runOnlyForDeploymentPostprocessing = 0;
		};
		A5955EC21A76E7FB001E4CDE /* Frameworks */ = {
			isa = PBXFrameworksBuildPhase;
			buildActionMask = 2147483647;
			files = (
			);
			runOnlyForDeploymentPostprocessing = 0;
		};
/* End PBXFrameworksBuildPhase section */

/* Begin PBXGroup section */
		A556D1791A76EAB000E38E9F /* Libs */ = {
			isa = PBXGroup;
			children = (
				A556D17A1A76EAB000E38E9F /* AFNetworking */,
				A556D18E1A76EAB000E38E9F /* UIKit+AFNetworking */,
			);
			path = Libs;
			sourceTree = "<group>";
		};
		A556D17A1A76EAB000E38E9F /* AFNetworking */ = {
			isa = PBXGroup;
			children = (
				A556D17B1A76EAB000E38E9F /* AFHTTPRequestOperation.h */,
				A556D17C1A76EAB000E38E9F /* AFHTTPRequestOperation.m */,
				A556D17D1A76EAB000E38E9F /* AFHTTPRequestOperationManager.h */,
				A556D17E1A76EAB000E38E9F /* AFHTTPRequestOperationManager.m */,
				A556D17F1A76EAB000E38E9F /* AFHTTPSessionManager.h */,
				A556D1801A76EAB000E38E9F /* AFHTTPSessionManager.m */,
				A556D1811A76EAB000E38E9F /* AFNetworking.h */,
				A556D1821A76EAB000E38E9F /* AFNetworkReachabilityManager.h */,
				A556D1831A76EAB000E38E9F /* AFNetworkReachabilityManager.m */,
				A556D1841A76EAB000E38E9F /* AFSecurityPolicy.h */,
				A556D1851A76EAB000E38E9F /* AFSecurityPolicy.m */,
				A556D1861A76EAB000E38E9F /* AFURLConnectionOperation.h */,
				A556D1871A76EAB000E38E9F /* AFURLConnectionOperation.m */,
				A556D1881A76EAB000E38E9F /* AFURLRequestSerialization.h */,
				A556D1891A76EAB000E38E9F /* AFURLRequestSerialization.m */,
				A556D18A1A76EAB000E38E9F /* AFURLResponseSerialization.h */,
				A556D18B1A76EAB000E38E9F /* AFURLResponseSerialization.m */,
				A556D18C1A76EAB000E38E9F /* AFURLSessionManager.h */,
				A556D18D1A76EAB000E38E9F /* AFURLSessionManager.m */,
			);
			path = AFNetworking;
			sourceTree = "<group>";
		};
		A556D18E1A76EAB000E38E9F /* UIKit+AFNetworking */ = {
			isa = PBXGroup;
			children = (
				A556D18F1A76EAB000E38E9F /* AFNetworkActivityIndicatorManager.h */,
				A556D1901A76EAB000E38E9F /* AFNetworkActivityIndicatorManager.m */,
				A556D1911A76EAB000E38E9F /* UIActivityIndicatorView+AFNetworking.h */,
				A556D1921A76EAB000E38E9F /* UIActivityIndicatorView+AFNetworking.m */,
				A556D1931A76EAB000E38E9F /* UIAlertView+AFNetworking.h */,
				A556D1941A76EAB000E38E9F /* UIAlertView+AFNetworking.m */,
				A556D1951A76EAB000E38E9F /* UIButton+AFNetworking.h */,
				A556D1961A76EAB000E38E9F /* UIButton+AFNetworking.m */,
				A556D1971A76EAB000E38E9F /* UIImageView+AFNetworking.h */,
				A556D1981A76EAB000E38E9F /* UIImageView+AFNetworking.m */,
				A556D1991A76EAB000E38E9F /* UIKit+AFNetworking.h */,
				A556D19A1A76EAB000E38E9F /* UIProgressView+AFNetworking.h */,
				A556D19B1A76EAB000E38E9F /* UIProgressView+AFNetworking.m */,
				A556D19C1A76EAB000E38E9F /* UIRefreshControl+AFNetworking.h */,
				A556D19D1A76EAB000E38E9F /* UIRefreshControl+AFNetworking.m */,
				A556D19E1A76EAB000E38E9F /* UIWebView+AFNetworking.h */,
				A556D19F1A76EAB000E38E9F /* UIWebView+AFNetworking.m */,
			);
			path = "UIKit+AFNetworking";
			sourceTree = "<group>";
		};
		A5955EA31A76E7FA001E4CDE = {
			isa = PBXGroup;
			children = (
				A5955EAE1A76E7FB001E4CDE /* HLWeather */,
				A5955EC81A76E7FB001E4CDE /* HLWeatherTests */,
				A5955EAD1A76E7FB001E4CDE /* Products */,
				A5F973E21A76E98D00D4161C /* Frameworks */,
				A556D1791A76EAB000E38E9F /* Libs */,
			);
			sourceTree = "<group>";
		};
		A5955EAD1A76E7FB001E4CDE /* Products */ = {
			isa = PBXGroup;
			children = (
				A5955EAC1A76E7FB001E4CDE /* HLWeather.app */,
				A5955EC51A76E7FB001E4CDE /* HLWeatherTests.xctest */,
			);
			name = Products;
			sourceTree = "<group>";
		};
		A5955EAE1A76E7FB001E4CDE /* HLWeather */ = {
			isa = PBXGroup;
			children = (
				A5955EB31A76E7FB001E4CDE /* AppDelegate.h */,
				A5955EB41A76E7FB001E4CDE /* AppDelegate.m */,
				A5955EB61A76E7FB001E4CDE /* ViewController.h */,
				A5955EB71A76E7FB001E4CDE /* ViewController.m */,
				A5955EB91A76E7FB001E4CDE /* Main.storyboard */,
				A5955EBC1A76E7FB001E4CDE /* Images.xcassets */,
				A5955EBE1A76E7FB001E4CDE /* LaunchScreen.xib */,
				A5955EAF1A76E7FB001E4CDE /* Supporting Files */,
			);
			path = HLWeather;
			sourceTree = "<group>";
		};
		A5955EAF1A76E7FB001E4CDE /* Supporting Files */ = {
			isa = PBXGroup;
			children = (
				A5955EB01A76E7FB001E4CDE /* Info.plist */,
				A5955EB11A76E7FB001E4CDE /* main.m */,
			);
			name = "Supporting Files";
			sourceTree = "<group>";
		};
		A5955EC81A76E7FB001E4CDE /* HLWeatherTests */ = {
			isa = PBXGroup;
			children = (
				A5955ECB1A76E7FB001E4CDE /* HLWeatherTests.m */,
				A5955EC91A76E7FB001E4CDE /* Supporting Files */,
			);
			path = HLWeatherTests;
			sourceTree = "<group>";
		};
		A5955EC91A76E7FB001E4CDE /* Supporting Files */ = {
			isa = PBXGroup;
			children = (
				A5955ECA1A76E7FB001E4CDE /* Info.plist */,
			);
			name = "Supporting Files";
			sourceTree = "<group>";
		};
		A5F973E21A76E98D00D4161C /* Frameworks */ = {
			isa = PBXGroup;
			children = (
				A5F973D71A76E96700D4161C /* CoreFoundation.framework */,
				A5F973DB1A76E96700D4161C /* UIKit.framework */,
				A556D1B51A76EB3D00E38E9F /* Security.framework */,
				A5F973D61A76E96700D4161C /* CFNetwork.framework */,
				A5F973D81A76E96700D4161C /* ImageIO.framework */,
				A5F973DA1A76E96700D4161C /* MobileCoreServices.framework */,
				A5F973D91A76E96700D4161C /* libz.dylib */,
				A556D1B31A76EB2800E38E9F /* libxml2.dylib */,
				A556D1B11A76EB1E00E38E9F /* libicucore.dylib */,
			);
			name = Frameworks;
			sourceTree = "<group>";
		};
/* End PBXGroup section */

/* Begin PBXNativeTarget section */
		A5955EAB1A76E7FB001E4CDE /* HLWeather */ = {
			isa = PBXNativeTarget;
			buildConfigurationList = A5955ECF1A76E7FB001E4CDE /* Build configuration list for PBXNativeTarget "HLWeather" */;
			buildPhases = (
				A5955EA81A76E7FB001E4CDE /* Sources */,
				A5955EA91A76E7FB001E4CDE /* Frameworks */,
				A5955EAA1A76E7FB001E4CDE /* Resources */,
			);
			buildRules = (
			);
			dependencies = (
			);
			name = HLWeather;
			productName = HLWeather;
			productReference = A5955EAC1A76E7FB001E4CDE /* HLWeather.app */;
			productType = "com.apple.product-type.application";
		};
		A5955EC41A76E7FB001E4CDE /* HLWeatherTests */ = {
			isa = PBXNativeTarget;
			buildConfigurationList = A5955ED21A76E7FB001E4CDE /* Build configuration list for PBXNativeTarget "HLWeatherTests" */;
			buildPhases = (
				A5955EC11A76E7FB001E4CDE /* Sources */,
				A5955EC21A76E7FB001E4CDE /* Frameworks */,
				A5955EC31A76E7FB001E4CDE /* Resources */,
			);
			buildRules = (
			);
			dependencies = (
				A5955EC71A76E7FB001E4CDE /* PBXTargetDependency */,
			);
			name = HLWeatherTests;
			productName = HLWeatherTests;
			productReference = A5955EC51A76E7FB001E4CDE /* HLWeatherTests.xctest */;
			productType = "com.apple.product-type.bundle.unit-test";
		};
/* End PBXNativeTarget section */

/* Begin PBXProject section */
		A5955EA41A76E7FA001E4CDE /* Project object */ = {
			isa = PBXProject;
			attributes = {
				LastUpgradeCheck = 0610;
				ORGANIZATIONNAME = HauteLook;
				TargetAttributes = {
					A5955EAB1A76E7FB001E4CDE = {
						CreatedOnToolsVersion = 6.1.1;
					};
					A5955EC41A76E7FB001E4CDE = {
						CreatedOnToolsVersion = 6.1.1;
						TestTargetID = A5955EAB1A76E7FB001E4CDE;
					};
				};
			};
			buildConfigurationList = A5955EA71A76E7FB001E4CDE /* Build configuration list for PBXProject "HLWeather" */;
			compatibilityVersion = "Xcode 3.2";
			developmentRegion = English;
			hasScannedForEncodings = 0;
			knownRegions = (
				en,
				Base,
			);
			mainGroup = A5955EA31A76E7FA001E4CDE;
			productRefGroup = A5955EAD1A76E7FB001E4CDE /* Products */;
			projectDirPath = "";
			projectRoot = "";
			targets = (
				A5955EAB1A76E7FB001E4CDE /* HLWeather */,
				A5955EC41A76E7FB001E4CDE /* HLWeatherTests */,
			);
		};
/* End PBXProject section */

/* Begin PBXResourcesBuildPhase section */
		A5955EAA1A76E7FB001E4CDE /* Resources */ = {
			isa = PBXResourcesBuildPhase;
			buildActionMask = 2147483647;
			files = (
				A5955EBB1A76E7FB001E4CDE /* Main.storyboard in Resources */,
				A5955EC01A76E7FB001E4CDE /* LaunchScreen.xib in Resources */,
				A5955EBD1A76E7FB001E4CDE /* Images.xcassets in Resources */,
			);
			runOnlyForDeploymentPostprocessing = 0;
		};
		A5955EC31A76E7FB001E4CDE /* Resources */ = {
			isa = PBXResourcesBuildPhase;
			buildActionMask = 2147483647;
			files = (
			);
			runOnlyForDeploymentPostprocessing = 0;
		};
/* End PBXResourcesBuildPhase section */

/* Begin PBXSourcesBuildPhase section */
		A5955EA81A76E7FB001E4CDE /* Sources */ = {
			isa = PBXSourcesBuildPhase;
			buildActionMask = 2147483647;
			files = (
				A556D1A01A76EAB000E38E9F /* AFHTTPRequestOperation.m in Sources */,
				A556D1AD1A76EAB000E38E9F /* UIImageView+AFNetworking.m in Sources */,
				A5955EB81A76E7FB001E4CDE /* ViewController.m in Sources */,
				A556D1A11A76EAB000E38E9F /* AFHTTPRequestOperationManager.m in Sources */,
				A556D1AE1A76EAB000E38E9F /* UIProgressView+AFNetworking.m in Sources */,
				A556D1A31A76EAB000E38E9F /* AFNetworkReachabilityManager.m in Sources */,
				A556D1A71A76EAB000E38E9F /* AFURLResponseSerialization.m in Sources */,
				A556D1A51A76EAB000E38E9F /* AFURLConnectionOperation.m in Sources */,
				A556D1AC1A76EAB000E38E9F /* UIButton+AFNetworking.m in Sources */,
				A556D1AA1A76EAB000E38E9F /* UIActivityIndicatorView+AFNetworking.m in Sources */,
				A556D1A41A76EAB000E38E9F /* AFSecurityPolicy.m in Sources */,
				A556D1AF1A76EAB000E38E9F /* UIRefreshControl+AFNetworking.m in Sources */,
				A556D1B01A76EAB000E38E9F /* UIWebView+AFNetworking.m in Sources */,
				A556D1A21A76EAB000E38E9F /* AFHTTPSessionManager.m in Sources */,
				A556D1AB1A76EAB000E38E9F /* UIAlertView+AFNetworking.m in Sources */,
				A556D1A61A76EAB000E38E9F /* AFURLRequestSerialization.m in Sources */,
				A556D1A91A76EAB000E38E9F /* AFNetworkActivityIndicatorManager.m in Sources */,
				A556D1A81A76EAB000E38E9F /* AFURLSessionManager.m in Sources */,
				A5955EB51A76E7FB001E4CDE /* AppDelegate.m in Sources */,
				A5955EB21A76E7FB001E4CDE /* main.m in Sources */,
			);
			runOnlyForDeploymentPostprocessing = 0;
		};
		A5955EC11A76E7FB001E4CDE /* Sources */ = {
			isa = PBXSourcesBuildPhase;
			buildActionMask = 2147483647;
			files = (
				A5955ECC1A76E7FB001E4CDE /* HLWeatherTests.m in Sources */,
			);
			runOnlyForDeploymentPostprocessing = 0;
		};
/* End PBXSourcesBuildPhase section */

/* Begin PBXTargetDependency section */
		A5955EC71A76E7FB001E4CDE /* PBXTargetDependency */ = {
			isa = PBXTargetDependency;
			target = A5955EAB1A76E7FB001E4CDE /* HLWeather */;
			targetProxy = A5955EC61A76E7FB001E4CDE /* PBXContainerItemProxy */;
		};
/* End PBXTargetDependency section */

/* Begin PBXVariantGroup section */
		A5955EB91A76E7FB001E4CDE /* Main.storyboard */ = {
			isa = PBXVariantGroup;
			children = (
				A5955EBA1A76E7FB001E4CDE /* Base */,
			);
			name = Main.storyboard;
			sourceTree = "<group>";
		};
		A5955EBE1A76E7FB001E4CDE /* LaunchScreen.xib */ = {
			isa = PBXVariantGroup;
			children = (
				A5955EBF1A76E7FB001E4CDE /* Base */,
			);
			name = LaunchScreen.xib;
			sourceTree = "<group>";
		};
/* End PBXVariantGroup section */

/* Begin XCBuildConfiguration section */
		A5955ECD1A76E7FB001E4CDE /* Debug */ = {
			isa = XCBuildConfiguration;
			buildSettings = {
				ALWAYS_SEARCH_USER_PATHS = NO;
				CLANG_CXX_LANGUAGE_STANDARD = "gnu++0x";
				CLANG_CXX_LIBRARY = "libc++";
				CLANG_ENABLE_MODULES = YES;
				CLANG_ENABLE_OBJC_ARC = YES;
				CLANG_WARN_BOOL_CONVERSION = YES;
				CLANG_WARN_CONSTANT_CONVERSION = YES;
				CLANG_WARN_DIRECT_OBJC_ISA_USAGE = YES_ERROR;
				CLANG_WARN_EMPTY_BODY = YES;
				CLANG_WARN_ENUM_CONVERSION = YES;
				CLANG_WARN_INT_CONVERSION = YES;
				CLANG_WARN_OBJC_ROOT_CLASS = YES_ERROR;
				CLANG_WARN_UNREACHABLE_CODE = YES;
				CLANG_WARN__DUPLICATE_METHOD_MATCH = YES;
				"CODE_SIGN_IDENTITY[sdk=iphoneos*]" = "iPhone Developer";
				COPY_PHASE_STRIP = NO;
				ENABLE_STRICT_OBJC_MSGSEND = YES;
				GCC_C_LANGUAGE_STANDARD = gnu99;
				GCC_DYNAMIC_NO_PIC = NO;
				GCC_OPTIMIZATION_LEVEL = 0;
				GCC_PREPROCESSOR_DEFINITIONS = (
					"DEBUG=1",
					"$(inherited)",
				);
				GCC_SYMBOLS_PRIVATE_EXTERN = NO;
				GCC_WARN_64_TO_32_BIT_CONVERSION = YES;
				GCC_WARN_ABOUT_RETURN_TYPE = YES_ERROR;
				GCC_WARN_UNDECLARED_SELECTOR = YES;
				GCC_WARN_UNINITIALIZED_AUTOS = YES_AGGRESSIVE;
				GCC_WARN_UNUSED_FUNCTION = YES;
				GCC_WARN_UNUSED_VARIABLE = YES;
				IPHONEOS_DEPLOYMENT_TARGET = 8.1;
				MTL_ENABLE_DEBUG_INFO = YES;
				ONLY_ACTIVE_ARCH = YES;
				SDKROOT = iphoneos;
			};
			name = Debug;
		};
		A5955ECE1A76E7FB001E4CDE /* Release */ = {
			isa = XCBuildConfiguration;
			buildSettings = {
				ALWAYS_SEARCH_USER_PATHS = NO;
				CLANG_CXX_LANGUAGE_STANDARD = "gnu++0x";
				CLANG_CXX_LIBRARY = "libc++";
				CLANG_ENABLE_MODULES = YES;
				CLANG_ENABLE_OBJC_ARC = YES;
				CLANG_WARN_BOOL_CONVERSION = YES;
				CLANG_WARN_CONSTANT_CONVERSION = YES;
				CLANG_WARN_DIRECT_OBJC_ISA_USAGE = YES_ERROR;
				CLANG_WARN_EMPTY_BODY = YES;
				CLANG_WARN_ENUM_CONVERSION = YES;
				CLANG_WARN_INT_CONVERSION = YES;
				CLANG_WARN_OBJC_ROOT_CLASS = YES_ERROR;
				CLANG_WARN_UNREACHABLE_CODE = YES;
				CLANG_WARN__DUPLICATE_METHOD_MATCH = YES;
				"CODE_SIGN_IDENTITY[sdk=iphoneos*]" = "iPhone Developer";
				COPY_PHASE_STRIP = YES;
				ENABLE_NS_ASSERTIONS = NO;
				ENABLE_STRICT_OBJC_MSGSEND = YES;
				GCC_C_LANGUAGE_STANDARD = gnu99;
				GCC_WARN_64_TO_32_BIT_CONVERSION = YES;
				GCC_WARN_ABOUT_RETURN_TYPE = YES_ERROR;
				GCC_WARN_UNDECLARED_SELECTOR = YES;
				GCC_WARN_UNINITIALIZED_AUTOS = YES_AGGRESSIVE;
				GCC_WARN_UNUSED_FUNCTION = YES;
				GCC_WARN_UNUSED_VARIABLE = YES;
				IPHONEOS_DEPLOYMENT_TARGET = 8.1;
				MTL_ENABLE_DEBUG_INFO = NO;
				SDKROOT = iphoneos;
				VALIDATE_PRODUCT = YES;
			};
			name = Release;
		};
		A5955ED01A76E7FB001E4CDE /* Debug */ = {
			isa = XCBuildConfiguration;
			buildSettings = {
				ASSETCATALOG_COMPILER_APPICON_NAME = AppIcon;
				INFOPLIST_FILE = HLWeather/Info.plist;
				LD_RUNPATH_SEARCH_PATHS = "$(inherited) @executable_path/Frameworks";
				PRODUCT_NAME = "$(TARGET_NAME)";
			};
			name = Debug;
		};
		A5955ED11A76E7FB001E4CDE /* Release */ = {
			isa = XCBuildConfiguration;
			buildSettings = {
				ASSETCATALOG_COMPILER_APPICON_NAME = AppIcon;
				INFOPLIST_FILE = HLWeather/Info.plist;
				LD_RUNPATH_SEARCH_PATHS = "$(inherited) @executable_path/Frameworks";
				PRODUCT_NAME = "$(TARGET_NAME)";
			};
			name = Release;
		};
		A5955ED31A76E7FB001E4CDE /* Debug */ = {
			isa = XCBuildConfiguration;
			buildSettings = {
				BUNDLE_LOADER = "$(TEST_HOST)";
				FRAMEWORK_SEARCH_PATHS = (
					"$(SDKROOT)/Developer/Library/Frameworks",
					"$(inherited)",
				);
				GCC_PREPROCESSOR_DEFINITIONS = (
					"DEBUG=1",
					"$(inherited)",
				);
				INFOPLIST_FILE = HLWeatherTests/Info.plist;
				LD_RUNPATH_SEARCH_PATHS = "$(inherited) @executable_path/Frameworks @loader_path/Frameworks";
				PRODUCT_NAME = "$(TARGET_NAME)";
				TEST_HOST = "$(BUILT_PRODUCTS_DIR)/HLWeather.app/HLWeather";
			};
			name = Debug;
		};
		A5955ED41A76E7FB001E4CDE /* Release */ = {
			isa = XCBuildConfiguration;
			buildSettings = {
				BUNDLE_LOADER = "$(TEST_HOST)";
				FRAMEWORK_SEARCH_PATHS = (
					"$(SDKROOT)/Developer/Library/Frameworks",
					"$(inherited)",
				);
				INFOPLIST_FILE = HLWeatherTests/Info.plist;
				LD_RUNPATH_SEARCH_PATHS = "$(inherited) @executable_path/Frameworks @loader_path/Frameworks";
				PRODUCT_NAME = "$(TARGET_NAME)";
				TEST_HOST = "$(BUILT_PRODUCTS_DIR)/HLWeather.app/HLWeather";
			};
			name = Release;
		};
/* End XCBuildConfiguration section */

/* Begin XCConfigurationList section */
		A5955EA71A76E7FB001E4CDE /* Build configuration list for PBXProject "HLWeather" */ = {
			isa = XCConfigurationList;
			buildConfigurations = (
				A5955ECD1A76E7FB001E4CDE /* Debug */,
				A5955ECE1A76E7FB001E4CDE /* Release */,
			);
			defaultConfigurationIsVisible = 0;
			defaultConfigurationName = Release;
		};
		A5955ECF1A76E7FB001E4CDE /* Build configuration list for PBXNativeTarget "HLWeather" */ = {
			isa = XCConfigurationList;
			buildConfigurations = (
				A5955ED01A76E7FB001E4CDE /* Debug */,
				A5955ED11A76E7FB001E4CDE /* Release */,
			);
			defaultConfigurationIsVisible = 0;
			defaultConfigurationName = Release;
		};
		A5955ED21A76E7FB001E4CDE /* Build configuration list for PBXNativeTarget "HLWeatherTests" */ = {
			isa = XCConfigurationList;
			buildConfigurations = (
				A5955ED31A76E7FB001E4CDE /* Debug */,
				A5955ED41A76E7FB001E4CDE /* Release */,
			);
			defaultConfigurationIsVisible = 0;
			defaultConfigurationName = Release;
		};
/* End XCConfigurationList section */
	};
	rootObject = A5955EA41A76E7FA001E4CDE /* Project object */;
}
